// !$*UTF8*$!
{
	archiveVersion = 1;
	classes = {
	};
	objectVersion = 77;
	objects = {

/* Begin PBXBuildFile section */
		0C85193D472663A67369BAB1 /* ChatView.swift in Sources */ = {isa = PBXBuildFile; fileRef = D833B2E56FA8C84DA0950F72 /* ChatView.swift */; };
		0CEE44CF96B770CC31DC1076 /* FrameEnvelope.swift in Sources */ = {isa = PBXBuildFile; fileRef = E4454ED28BF794E7F9872A64 /* FrameEnvelope.swift */; };
		12A04CB5B88BD594DB35E87A /* EventLogReplay.swift in Sources */ = {isa = PBXBuildFile; fileRef = 60A34364A5493B52BCEC8FFB /* EventLogReplay.swift */; };
		17B110E5A293426BC46750B6 /* ScreenActivityAttributes.swift in Sources */ = {isa = PBXBuildFile; fileRef = 059AB22EE40CB3F08CADCAE2 /* ScreenActivityAttributes.swift */; };
		2D6C4681A184D00774C9AAD3 /* SampleHandler.swift in Sources */ = {isa = PBXBuildFile; fileRef = 8585B7EF732F6D6EF2D5BEE6 /* SampleHandler.swift */; };
		34C90373E432EB5F0EA34BCC /* ChatMessage.swift in Sources */ = {isa = PBXBuildFile; fileRef = DEE35E8B1037B48E755426C1 /* ChatMessage.swift */; };
		397B48D6815658BE862A7452 /* IntelSGXRootCA.der in Resources */ = {isa = PBXBuildFile; fileRef = DC254589B7C9DE146214048D /* IntelSGXRootCA.der */; };
		413572B886A6EB4E8F6A3587 /* LiveActivityManager.swift in Sources */ = {isa = PBXBuildFile; fileRef = E760771C17EAF8147D096B4E /* LiveActivityManager.swift */; };
		56BEDBB90CCEE5017A47D79C /* WebSocketManager.swift in Sources */ = {isa = PBXBuildFile; fileRef = 9DB161EB74DB2AA3F40F30E0 /* WebSocketManager.swift */; };
		59D5D2A66B66C1BE35C4AF74 /* FeedlingBroadcastSetupUI.appex in Embed Foundation Extensions */ = {isa = PBXBuildFile; fileRef = 163932C9DCA1AD2D29756AA4 /* FeedlingBroadcastSetupUI.appex */; settings = {ATTRIBUTES = (RemoveHeadersOnCopy, ); }; };
		61F24F4911D4423B125600EF /* SharedConfig.swift in Sources */ = {isa = PBXBuildFile; fileRef = 2CDD8AF63E3E29635CACE24C /* SharedConfig.swift */; };
		6432F6332F93A547006FA607 /* IdentityView.swift in Sources */ = {isa = PBXBuildFile; fileRef = 6432F62F2F93A547006FA607 /* IdentityView.swift */; };
		6432F6342F93A547006FA607 /* IdentityViewModel.swift in Sources */ = {isa = PBXBuildFile; fileRef = 6432F6302F93A547006FA607 /* IdentityViewModel.swift */; };
		6432F6352F93A547006FA607 /* MemoryGardenView.swift in Sources */ = {isa = PBXBuildFile; fileRef = 6432F6312F93A547006FA607 /* MemoryGardenView.swift */; };
		6432F6362F93A547006FA607 /* MemoryViewModel.swift in Sources */ = {isa = PBXBuildFile; fileRef = 6432F6322F93A547006FA607 /* MemoryViewModel.swift */; };
		6B69634A47BFB6AA70AF1609 /* FeedlingAPI.swift in Sources */ = {isa = PBXBuildFile; fileRef = B3DB0E6C7C11B4B979F67492 /* FeedlingAPI.swift */; };
		6EEB48B8B45275CBDFCDC9F8 /* Verifier.swift in Sources */ = {isa = PBXBuildFile; fileRef = 61A4444D8C2BB0F630FB7A42 /* Verifier.swift */; };
		8008026851A69E377E0C9937 /* SampleHandler+WebSocketQueue.swift in Sources */ = {isa = PBXBuildFile; fileRef = 408A6FFA15EE70ECF1B9E9DA /* SampleHandler+WebSocketQueue.swift */; };
		8234416BB7B24F57E6E971F4 /* Parser.swift in Sources */ = {isa = PBXBuildFile; fileRef = B9354145BA0CA53600D58644 /* Parser.swift */; };
		831D484187F89765720E6E05 /* ContentEncryption.swift in Sources */ = {isa = PBXBuildFile; fileRef = EFC04E45A4517F7284A87DB7 /* ContentEncryption.swift */; };
		8444956D16998579C3D74FAB /* FeedlingTestWidget.appex in Embed Foundation Extensions */ = {isa = PBXBuildFile; fileRef = B47B840768263FD66F28FB11 /* FeedlingTestWidget.appex */; settings = {ATTRIBUTES = (RemoveHeadersOnCopy, ); }; };
		95104BDAAB2CFD458F30C5B1 /* SignatureData.swift in Sources */ = {isa = PBXBuildFile; fileRef = 1E9E425385B0A46A5294EFA1 /* SignatureData.swift */; };
		97421A140CE8899782DE1375 /* ContentView.swift in Sources */ = {isa = PBXBuildFile; fileRef = F5D4282756E211274D73C148 /* ContentView.swift */; };
		9D3B3F0CBA67EEEE5B6F0867 /* BroadcastSetupViewController.swift in Sources */ = {isa = PBXBuildFile; fileRef = 81D822BE1140DD59ADE787AD /* BroadcastSetupViewController.swift */; };
		A3AA0B796AD846E609C8715A /* ScreenActivityWidget.swift in Sources */ = {isa = PBXBuildFile; fileRef = 8485AF4D5CF32FCD3BD19600 /* ScreenActivityWidget.swift */; };
		A3CDDB2378A71F1A511E1A9D /* FeedlingTestApp.swift in Sources */ = {isa = PBXBuildFile; fileRef = 14B773D2531DF1548E7C3C63 /* FeedlingTestApp.swift */; };
		CB2DF8DCA51CEF662CF65FAB /* ScreenActivityAttributes.swift in Sources */ = {isa = PBXBuildFile; fileRef = 059AB22EE40CB3F08CADCAE2 /* ScreenActivityAttributes.swift */; };
		D13A461DBE8BF38D2B3BBEF3 /* AuditCardView.swift in Sources */ = {isa = PBXBuildFile; fileRef = F838482FB88280B0AB365FC0 /* AuditCardView.swift */; };
		E5572F9376D197D99DF91E67 /* FeedlingBroadcast.appex in Embed Foundation Extensions */ = {isa = PBXBuildFile; fileRef = C33E21075035F8499B243C1B /* FeedlingBroadcast.appex */; settings = {ATTRIBUTES = (RemoveHeadersOnCopy, ); }; };
		E5C880EB40DFDE9E3719B474 /* FeedlingTestWidgetBundle.swift in Sources */ = {isa = PBXBuildFile; fileRef = E807384089044501BDD54BFA /* FeedlingTestWidgetBundle.swift */; };
		F4DA5CC70FEBED4D031AE19D /* ChatViewModel.swift in Sources */ = {isa = PBXBuildFile; fileRef = 5F3C6BFE5F5FF06EF002CFD3 /* ChatViewModel.swift */; };
/* End PBXBuildFile section */

/* Begin PBXContainerItemProxy section */
		3A7C6A9930FD12611CA185A9 /* PBXContainerItemProxy */ = {
			isa = PBXContainerItemProxy;
			containerPortal = 7666E9E4F7C671C82EBD8484 /* Project object */;
			proxyType = 1;
			remoteGlobalIDString = 143528F74119840BD515D293;
			remoteInfo = FeedlingBroadcast;
		};
		9FC01A447C5F280A995C6CBA /* PBXContainerItemProxy */ = {
			isa = PBXContainerItemProxy;
			containerPortal = 7666E9E4F7C671C82EBD8484 /* Project object */;
			proxyType = 1;
			remoteGlobalIDString = 40F0E8EF6FA85277D76C29E3;
			remoteInfo = FeedlingTestWidget;
		};
		E1A037C481922382AE45E3D6 /* PBXContainerItemProxy */ = {
			isa = PBXContainerItemProxy;
			containerPortal = 7666E9E4F7C671C82EBD8484 /* Project object */;
			proxyType = 1;
			remoteGlobalIDString = B0C63F767F63B43C47A6CE60;
			remoteInfo = FeedlingBroadcastSetupUI;
		};
/* End PBXContainerItemProxy section */

/* Begin PBXCopyFilesBuildPhase section */
		219D1342B426C7862A8C1E2B /* Embed Foundation Extensions */ = {
			isa = PBXCopyFilesBuildPhase;
			buildActionMask = 2147483647;
			dstPath = "";
			dstSubfolderSpec = 13;
			files = (
				8444956D16998579C3D74FAB /* FeedlingTestWidget.appex in Embed Foundation Extensions */,
				E5572F9376D197D99DF91E67 /* FeedlingBroadcast.appex in Embed Foundation Extensions */,
				59D5D2A66B66C1BE35C4AF74 /* FeedlingBroadcastSetupUI.appex in Embed Foundation Extensions */,
			);
			name = "Embed Foundation Extensions";
			runOnlyForDeploymentPostprocessing = 0;
		};
/* End PBXCopyFilesBuildPhase section */

/* Begin PBXFileReference section */
		059AB22EE40CB3F08CADCAE2 /* ScreenActivityAttributes.swift */ = {isa = PBXFileReference; lastKnownFileType = sourcecode.swift; path = ScreenActivityAttributes.swift; sourceTree = "<group>"; };
		14B773D2531DF1548E7C3C63 /* FeedlingTestApp.swift */ = {isa = PBXFileReference; lastKnownFileType = sourcecode.swift; path = FeedlingTestApp.swift; sourceTree = "<group>"; };
		163932C9DCA1AD2D29756AA4 /* FeedlingBroadcastSetupUI.appex */ = {isa = PBXFileReference; includeInIndex = 0; lastKnownFileType = "wrapper.app-extension"; path = FeedlingBroadcastSetupUI.appex; sourceTree = BUILT_PRODUCTS_DIR; };
		1E9E425385B0A46A5294EFA1 /* SignatureData.swift */ = {isa = PBXFileReference; lastKnownFileType = sourcecode.swift; name = SignatureData.swift; path = FeedlingTest/DCAP/SignatureData.swift; sourceTree = SOURCE_ROOT; };
		2889F890552F556700BB6ACD /* Info.plist */ = {isa = PBXFileReference; lastKnownFileType = text.plist; path = Info.plist; sourceTree = "<group>"; };
		28A4834DDC516FBDFC2E61DA /* FeedlingBroadcastSetupUI.entitlements */ = {isa = PBXFileReference; lastKnownFileType = text.plist.entitlements; path = FeedlingBroadcastSetupUI.entitlements; sourceTree = "<group>"; };
		2CDD8AF63E3E29635CACE24C /* SharedConfig.swift */ = {isa = PBXFileReference; lastKnownFileType = sourcecode.swift; path = SharedConfig.swift; sourceTree = "<group>"; };
		3909F8C0719509F4F8260943 /* FeedlingBroadcast.entitlements */ = {isa = PBXFileReference; lastKnownFileType = text.plist.entitlements; path = FeedlingBroadcast.entitlements; sourceTree = "<group>"; };
		408A6FFA15EE70ECF1B9E9DA /* SampleHandler+WebSocketQueue.swift */ = {isa = PBXFileReference; lastKnownFileType = sourcecode.swift; path = "SampleHandler+WebSocketQueue.swift"; sourceTree = "<group>"; };
		55823AFBDF473E1DBABB4A3E /* FeedlingTestWidget.entitlements */ = {isa = PBXFileReference; lastKnownFileType = text.plist.entitlements; path = FeedlingTestWidget.entitlements; sourceTree = "<group>"; };
		5F3C6BFE5F5FF06EF002CFD3 /* ChatViewModel.swift */ = {isa = PBXFileReference; lastKnownFileType = sourcecode.swift; path = ChatViewModel.swift; sourceTree = "<group>"; };
		60A34364A5493B52BCEC8FFB /* EventLogReplay.swift */ = {isa = PBXFileReference; lastKnownFileType = sourcecode.swift; name = EventLogReplay.swift; path = FeedlingTest/EventLogReplay.swift; sourceTree = SOURCE_ROOT; };
		61A4444D8C2BB0F630FB7A42 /* Verifier.swift */ = {isa = PBXFileReference; lastKnownFileType = sourcecode.swift; name = Verifier.swift; path = FeedlingTest/DCAP/Verifier.swift; sourceTree = SOURCE_ROOT; };
		6432F62F2F93A547006FA607 /* IdentityView.swift */ = {isa = PBXFileReference; lastKnownFileType = sourcecode.swift; path = IdentityView.swift; sourceTree = "<group>"; };
		6432F6302F93A547006FA607 /* IdentityViewModel.swift */ = {isa = PBXFileReference; lastKnownFileType = sourcecode.swift; path = IdentityViewModel.swift; sourceTree = "<group>"; };
		6432F6312F93A547006FA607 /* MemoryGardenView.swift */ = {isa = PBXFileReference; lastKnownFileType = sourcecode.swift; path = MemoryGardenView.swift; sourceTree = "<group>"; };
		6432F6322F93A547006FA607 /* MemoryViewModel.swift */ = {isa = PBXFileReference; lastKnownFileType = sourcecode.swift; path = MemoryViewModel.swift; sourceTree = "<group>"; };
		660D2AEB7DB9C066DED5AD94 /* Info.plist */ = {isa = PBXFileReference; lastKnownFileType = text.plist; path = Info.plist; sourceTree = "<group>"; };
		81D822BE1140DD59ADE787AD /* BroadcastSetupViewController.swift */ = {isa = PBXFileReference; lastKnownFileType = sourcecode.swift; path = BroadcastSetupViewController.swift; sourceTree = "<group>"; };
		8485AF4D5CF32FCD3BD19600 /* ScreenActivityWidget.swift */ = {isa = PBXFileReference; lastKnownFileType = sourcecode.swift; path = ScreenActivityWidget.swift; sourceTree = "<group>"; };
		8585B7EF732F6D6EF2D5BEE6 /* SampleHandler.swift */ = {isa = PBXFileReference; lastKnownFileType = sourcecode.swift; path = SampleHandler.swift; sourceTree = "<group>"; };
		8C308EE0153161454F66B92E /* Info.plist */ = {isa = PBXFileReference; lastKnownFileType = text.plist; path = Info.plist; sourceTree = "<group>"; };
		9BEDE1B24252F0AF7E4B9A09 /* FeedlingTest.app */ = {isa = PBXFileReference; includeInIndex = 0; lastKnownFileType = wrapper.application; path = FeedlingTest.app; sourceTree = BUILT_PRODUCTS_DIR; };
		9DB161EB74DB2AA3F40F30E0 /* WebSocketManager.swift */ = {isa = PBXFileReference; lastKnownFileType = sourcecode.swift; path = WebSocketManager.swift; sourceTree = "<group>"; };
		B3DB0E6C7C11B4B979F67492 /* FeedlingAPI.swift */ = {isa = PBXFileReference; lastKnownFileType = sourcecode.swift; path = FeedlingAPI.swift; sourceTree = "<group>"; };
		B47B840768263FD66F28FB11 /* FeedlingTestWidget.appex */ = {isa = PBXFileReference; includeInIndex = 0; lastKnownFileType = "wrapper.app-extension"; path = FeedlingTestWidget.appex; sourceTree = BUILT_PRODUCTS_DIR; };
		B9354145BA0CA53600D58644 /* Parser.swift */ = {isa = PBXFileReference; lastKnownFileType = sourcecode.swift; name = Parser.swift; path = FeedlingTest/DCAP/Parser.swift; sourceTree = SOURCE_ROOT; };
		C33E21075035F8499B243C1B /* FeedlingBroadcast.appex */ = {isa = PBXFileReference; includeInIndex = 0; lastKnownFileType = "wrapper.app-extension"; path = FeedlingBroadcast.appex; sourceTree = BUILT_PRODUCTS_DIR; };
		D833B2E56FA8C84DA0950F72 /* ChatView.swift */ = {isa = PBXFileReference; lastKnownFileType = sourcecode.swift; path = ChatView.swift; sourceTree = "<group>"; };
		DC254589B7C9DE146214048D /* IntelSGXRootCA.der */ = {isa = PBXFileReference; lastKnownFileType = None; name = IntelSGXRootCA.der; path = FeedlingTest/DCAP/IntelSGXRootCA.der; sourceTree = SOURCE_ROOT; };
		DEE35E8B1037B48E755426C1 /* ChatMessage.swift */ = {isa = PBXFileReference; lastKnownFileType = sourcecode.swift; path = ChatMessage.swift; sourceTree = "<group>"; };
		E399D1BD2C8215413FDD2675 /* FeedlingTest.entitlements */ = {isa = PBXFileReference; lastKnownFileType = text.plist.entitlements; path = FeedlingTest.entitlements; sourceTree = "<group>"; };
		E4454ED28BF794E7F9872A64 /* FrameEnvelope.swift */ = {isa = PBXFileReference; lastKnownFileType = sourcecode.swift; name = FrameEnvelope.swift; path = FeedlingBroadcast/FrameEnvelope.swift; sourceTree = SOURCE_ROOT; };
		E760771C17EAF8147D096B4E /* LiveActivityManager.swift */ = {isa = PBXFileReference; lastKnownFileType = sourcecode.swift; path = LiveActivityManager.swift; sourceTree = "<group>"; };
		E807384089044501BDD54BFA /* FeedlingTestWidgetBundle.swift */ = {isa = PBXFileReference; lastKnownFileType = sourcecode.swift; path = FeedlingTestWidgetBundle.swift; sourceTree = "<group>"; };
		ED7965843E2AE2F74B88A5FC /* Info.plist */ = {isa = PBXFileReference; lastKnownFileType = text.plist; path = Info.plist; sourceTree = "<group>"; };
		EFC04E45A4517F7284A87DB7 /* ContentEncryption.swift */ = {isa = PBXFileReference; lastKnownFileType = sourcecode.swift; name = ContentEncryption.swift; path = FeedlingTest/ContentEncryption.swift; sourceTree = SOURCE_ROOT; };
		F5D4282756E211274D73C148 /* ContentView.swift */ = {isa = PBXFileReference; lastKnownFileType = sourcecode.swift; path = ContentView.swift; sourceTree = "<group>"; };
		F838482FB88280B0AB365FC0 /* AuditCardView.swift */ = {isa = PBXFileReference; lastKnownFileType = sourcecode.swift; name = AuditCardView.swift; path = FeedlingTest/AuditCardView.swift; sourceTree = SOURCE_ROOT; };
/* End PBXFileReference section */

/* Begin PBXGroup section */
		0E6B0860E646F7727F69845C /* FeedlingTestWidget */ = {
			isa = PBXGroup;
			children = (
				55823AFBDF473E1DBABB4A3E /* FeedlingTestWidget.entitlements */,
				E807384089044501BDD54BFA /* FeedlingTestWidgetBundle.swift */,
				8C308EE0153161454F66B92E /* Info.plist */,
				8485AF4D5CF32FCD3BD19600 /* ScreenActivityWidget.swift */,
			);
			path = FeedlingTestWidget;
			sourceTree = "<group>";
		};
		0E9CF1DFFEF7EBFABD8DA3E0 /* FeedlingTest */ = {
			isa = PBXGroup;
			children = (
				6432F62F2F93A547006FA607 /* IdentityView.swift */,
				6432F6302F93A547006FA607 /* IdentityViewModel.swift */,
				6432F6312F93A547006FA607 /* MemoryGardenView.swift */,
				6432F6322F93A547006FA607 /* MemoryViewModel.swift */,
				DEE35E8B1037B48E755426C1 /* ChatMessage.swift */,
				D833B2E56FA8C84DA0950F72 /* ChatView.swift */,
				5F3C6BFE5F5FF06EF002CFD3 /* ChatViewModel.swift */,
				F5D4282756E211274D73C148 /* ContentView.swift */,
				B3DB0E6C7C11B4B979F67492 /* FeedlingAPI.swift */,
				E399D1BD2C8215413FDD2675 /* FeedlingTest.entitlements */,
				14B773D2531DF1548E7C3C63 /* FeedlingTestApp.swift */,
				ED7965843E2AE2F74B88A5FC /* Info.plist */,
				E760771C17EAF8147D096B4E /* LiveActivityManager.swift */,
			);
			path = FeedlingTest;
			sourceTree = "<group>";
		};
		21135111837BEE77BC26B938 /* Products */ = {
			isa = PBXGroup;
			children = (
				C33E21075035F8499B243C1B /* FeedlingBroadcast.appex */,
				163932C9DCA1AD2D29756AA4 /* FeedlingBroadcastSetupUI.appex */,
				9BEDE1B24252F0AF7E4B9A09 /* FeedlingTest.app */,
				B47B840768263FD66F28FB11 /* FeedlingTestWidget.appex */,
			);
			name = Products;
			sourceTree = "<group>";
		};
		4A631C3321DAE9C14E2D63C2 /* Shared */ = {
			isa = PBXGroup;
			children = (
				059AB22EE40CB3F08CADCAE2 /* ScreenActivityAttributes.swift */,
			);
			path = Shared;
			sourceTree = "<group>";
		};
		C831B4CFDB28B188E676559F = {
			isa = PBXGroup;
			children = (
				F1DBCEF6E245A9D5B9B4D198 /* FeedlingBroadcast */,
				E2A4CBFE3B81EA82329D4D55 /* FeedlingBroadcastSetupUI */,
				0E9CF1DFFEF7EBFABD8DA3E0 /* FeedlingTest */,
				0E6B0860E646F7727F69845C /* FeedlingTestWidget */,
				4A631C3321DAE9C14E2D63C2 /* Shared */,
				21135111837BEE77BC26B938 /* Products */,
				B9354145BA0CA53600D58644 /* Parser.swift */,
				1E9E425385B0A46A5294EFA1 /* SignatureData.swift */,
				61A4444D8C2BB0F630FB7A42 /* Verifier.swift */,
				DC254589B7C9DE146214048D /* IntelSGXRootCA.der */,
				EFC04E45A4517F7284A87DB7 /* ContentEncryption.swift */,
				F838482FB88280B0AB365FC0 /* AuditCardView.swift */,
				60A34364A5493B52BCEC8FFB /* EventLogReplay.swift */,
				E4454ED28BF794E7F9872A64 /* FrameEnvelope.swift */,
			);
			sourceTree = "<group>";
		};
		E2A4CBFE3B81EA82329D4D55 /* FeedlingBroadcastSetupUI */ = {
			isa = PBXGroup;
			children = (
				81D822BE1140DD59ADE787AD /* BroadcastSetupViewController.swift */,
				28A4834DDC516FBDFC2E61DA /* FeedlingBroadcastSetupUI.entitlements */,
				660D2AEB7DB9C066DED5AD94 /* Info.plist */,
			);
			path = FeedlingBroadcastSetupUI;
			sourceTree = "<group>";
		};
		F1DBCEF6E245A9D5B9B4D198 /* FeedlingBroadcast */ = {
			isa = PBXGroup;
			children = (
				3909F8C0719509F4F8260943 /* FeedlingBroadcast.entitlements */,
				2889F890552F556700BB6ACD /* Info.plist */,
				8585B7EF732F6D6EF2D5BEE6 /* SampleHandler.swift */,
				408A6FFA15EE70ECF1B9E9DA /* SampleHandler+WebSocketQueue.swift */,
				2CDD8AF63E3E29635CACE24C /* SharedConfig.swift */,
				9DB161EB74DB2AA3F40F30E0 /* WebSocketManager.swift */,
			);
			path = FeedlingBroadcast;
			sourceTree = "<group>";
		};
/* End PBXGroup section */

/* Begin PBXNativeTarget section */
		143528F74119840BD515D293 /* FeedlingBroadcast */ = {
			isa = PBXNativeTarget;
			buildConfigurationList = AFB024797D588A76444F24A7 /* Build configuration list for PBXNativeTarget "FeedlingBroadcast" */;
			buildPhases = (
				906B594661979FEDF0B4057C /* Sources */,
			);
			buildRules = (
			);
			dependencies = (
			);
			name = FeedlingBroadcast;
			packageProductDependencies = (
			);
			productName = FeedlingBroadcast;
			productReference = C33E21075035F8499B243C1B /* FeedlingBroadcast.appex */;
			productType = "com.apple.product-type.app-extension";
		};
		282D06B399CCE088372449A9 /* FeedlingTest */ = {
			isa = PBXNativeTarget;
			buildConfigurationList = D2EFF8A7C1291089CCC4638E /* Build configuration list for PBXNativeTarget "FeedlingTest" */;
			buildPhases = (
				F4C004C4CB389E0034E1122E /* Sources */,
				219D1342B426C7862A8C1E2B /* Embed Foundation Extensions */,
				BD2B4DFEBFC788A60D3D29D6 /* Resources */,
			);
			buildRules = (
			);
			dependencies = (
				84358B4470F16D89F9CC5DB4 /* PBXTargetDependency */,
				49B62DB44CC90114BF941EA4 /* PBXTargetDependency */,
				AB425D8EF6D7B7F0046B13CC /* PBXTargetDependency */,
			);
			name = FeedlingTest;
			packageProductDependencies = (
			);
			productName = FeedlingTest;
			productReference = 9BEDE1B24252F0AF7E4B9A09 /* FeedlingTest.app */;
			productType = "com.apple.product-type.application";
		};
		40F0E8EF6FA85277D76C29E3 /* FeedlingTestWidget */ = {
			isa = PBXNativeTarget;
			buildConfigurationList = D4BD810697F1A6C80AD6D748 /* Build configuration list for PBXNativeTarget "FeedlingTestWidget" */;
			buildPhases = (
				CC4F879D8D0429D4613015B2 /* Sources */,
			);
			buildRules = (
			);
			dependencies = (
			);
			name = FeedlingTestWidget;
			packageProductDependencies = (
			);
			productName = FeedlingTestWidget;
			productReference = B47B840768263FD66F28FB11 /* FeedlingTestWidget.appex */;
			productType = "com.apple.product-type.app-extension";
		};
		B0C63F767F63B43C47A6CE60 /* FeedlingBroadcastSetupUI */ = {
			isa = PBXNativeTarget;
			buildConfigurationList = 2E4094369FC262BD249A0C9A /* Build configuration list for PBXNativeTarget "FeedlingBroadcastSetupUI" */;
			buildPhases = (
				AA065692AA47F1A8168C8E5C /* Sources */,
			);
			buildRules = (
			);
			dependencies = (
			);
			name = FeedlingBroadcastSetupUI;
			packageProductDependencies = (
			);
			productName = FeedlingBroadcastSetupUI;
			productReference = 163932C9DCA1AD2D29756AA4 /* FeedlingBroadcastSetupUI.appex */;
			productType = "com.apple.product-type.app-extension";
		};
/* End PBXNativeTarget section */

/* Begin PBXProject section */
		7666E9E4F7C671C82EBD8484 /* Project object */ = {
			isa = PBXProject;
			attributes = {
				BuildIndependentTargetsInParallel = YES;
				LastUpgradeCheck = 1500;
				TargetAttributes = {
					143528F74119840BD515D293 = {
						DevelopmentTeam = DC9JH5DRMY;
					};
					282D06B399CCE088372449A9 = {
						DevelopmentTeam = DC9JH5DRMY;
					};
					40F0E8EF6FA85277D76C29E3 = {
						DevelopmentTeam = DC9JH5DRMY;
					};
					B0C63F767F63B43C47A6CE60 = {
						DevelopmentTeam = DC9JH5DRMY;
					};
				};
			};
			buildConfigurationList = 5C7A44734ECB7FD48F277D7B /* Build configuration list for PBXProject "FeedlingBroadcast" */;
			developmentRegion = en;
			hasScannedForEncodings = 0;
			knownRegions = (
				Base,
				en,
			);
			mainGroup = C831B4CFDB28B188E676559F;
			minimizedProjectReferenceProxies = 1;
			preferredProjectObjectVersion = 77;
			productRefGroup = 21135111837BEE77BC26B938 /* Products */;
			projectDirPath = "";
			projectRoot = "";
			targets = (
				143528F74119840BD515D293 /* FeedlingBroadcast */,
				B0C63F767F63B43C47A6CE60 /* FeedlingBroadcastSetupUI */,
				282D06B399CCE088372449A9 /* FeedlingTest */,
				40F0E8EF6FA85277D76C29E3 /* FeedlingTestWidget */,
			);
		};
/* End PBXProject section */

/* Begin PBXResourcesBuildPhase section */
		BD2B4DFEBFC788A60D3D29D6 /* Resources */ = {
			isa = PBXResourcesBuildPhase;
			buildActionMask = 2147483647;
			files = (
				397B48D6815658BE862A7452 /* IntelSGXRootCA.der in Resources */,
			);
			runOnlyForDeploymentPostprocessing = 0;
		};
/* End PBXResourcesBuildPhase section */

/* Begin PBXSourcesBuildPhase section */
		906B594661979FEDF0B4057C /* Sources */ = {
			isa = PBXSourcesBuildPhase;
			buildActionMask = 2147483647;
			files = (
				8008026851A69E377E0C9937 /* SampleHandler+WebSocketQueue.swift in Sources */,
				2D6C4681A184D00774C9AAD3 /* SampleHandler.swift in Sources */,
				61F24F4911D4423B125600EF /* SharedConfig.swift in Sources */,
				56BEDBB90CCEE5017A47D79C /* WebSocketManager.swift in Sources */,
				0CEE44CF96B770CC31DC1076 /* FrameEnvelope.swift in Sources */,
			);
			runOnlyForDeploymentPostprocessing = 0;
		};
		AA065692AA47F1A8168C8E5C /* Sources */ = {
			isa = PBXSourcesBuildPhase;
			buildActionMask = 2147483647;
			files = (
				9D3B3F0CBA67EEEE5B6F0867 /* BroadcastSetupViewController.swift in Sources */,
			);
			runOnlyForDeploymentPostprocessing = 0;
		};
		CC4F879D8D0429D4613015B2 /* Sources */ = {
			isa = PBXSourcesBuildPhase;
			buildActionMask = 2147483647;
			files = (
				E5C880EB40DFDE9E3719B474 /* FeedlingTestWidgetBundle.swift in Sources */,
				17B110E5A293426BC46750B6 /* ScreenActivityAttributes.swift in Sources */,
				A3AA0B796AD846E609C8715A /* ScreenActivityWidget.swift in Sources */,
			);
			runOnlyForDeploymentPostprocessing = 0;
		};
		F4C004C4CB389E0034E1122E /* Sources */ = {
			isa = PBXSourcesBuildPhase;
			buildActionMask = 2147483647;
			files = (
				34C90373E432EB5F0EA34BCC /* ChatMessage.swift in Sources */,
				0C85193D472663A67369BAB1 /* ChatView.swift in Sources */,
				F4DA5CC70FEBED4D031AE19D /* ChatViewModel.swift in Sources */,
				97421A140CE8899782DE1375 /* ContentView.swift in Sources */,
				6B69634A47BFB6AA70AF1609 /* FeedlingAPI.swift in Sources */,
				A3CDDB2378A71F1A511E1A9D /* FeedlingTestApp.swift in Sources */,
				6432F6332F93A547006FA607 /* IdentityView.swift in Sources */,
				6432F6342F93A547006FA607 /* IdentityViewModel.swift in Sources */,
				6432F6352F93A547006FA607 /* MemoryGardenView.swift in Sources */,
				6432F6362F93A547006FA607 /* MemoryViewModel.swift in Sources */,
				413572B886A6EB4E8F6A3587 /* LiveActivityManager.swift in Sources */,
				CB2DF8DCA51CEF662CF65FAB /* ScreenActivityAttributes.swift in Sources */,
				8234416BB7B24F57E6E971F4 /* Parser.swift in Sources */,
				95104BDAAB2CFD458F30C5B1 /* SignatureData.swift in Sources */,
				6EEB48B8B45275CBDFCDC9F8 /* Verifier.swift in Sources */,
				831D484187F89765720E6E05 /* ContentEncryption.swift in Sources */,
				D13A461DBE8BF38D2B3BBEF3 /* AuditCardView.swift in Sources */,
				12A04CB5B88BD594DB35E87A /* EventLogReplay.swift in Sources */,
			);
			runOnlyForDeploymentPostprocessing = 0;
		};
/* End PBXSourcesBuildPhase section */

/* Begin PBXTargetDependency section */
		49B62DB44CC90114BF941EA4 /* PBXTargetDependency */ = {
			isa = PBXTargetDependency;
			target = 143528F74119840BD515D293 /* FeedlingBroadcast */;
			targetProxy = 3A7C6A9930FD12611CA185A9 /* PBXContainerItemProxy */;
		};
		84358B4470F16D89F9CC5DB4 /* PBXTargetDependency */ = {
			isa = PBXTargetDependency;
			target = 40F0E8EF6FA85277D76C29E3 /* FeedlingTestWidget */;
			targetProxy = 9FC01A447C5F280A995C6CBA /* PBXContainerItemProxy */;
		};
		AB425D8EF6D7B7F0046B13CC /* PBXTargetDependency */ = {
			isa = PBXTargetDependency;
			target = B0C63F767F63B43C47A6CE60 /* FeedlingBroadcastSetupUI */;
			targetProxy = E1A037C481922382AE45E3D6 /* PBXContainerItemProxy */;
		};
/* End PBXTargetDependency section */

/* Begin XCBuildConfiguration section */
		14B3B835EFF9750F11FAE73F /* Release */ = {
			isa = XCBuildConfiguration;
			buildSettings = {
				CODE_SIGN_ENTITLEMENTS = FeedlingBroadcastSetupUI/FeedlingBroadcastSetupUI.entitlements;
				DEVELOPMENT_TEAM = DC9JH5DRMY;
				INFOPLIST_FILE = FeedlingBroadcastSetupUI/Info.plist;
				IPHONEOS_DEPLOYMENT_TARGET = 16.2;
				LD_RUNPATH_SEARCH_PATHS = (
					"$(inherited)",
					"@executable_path/Frameworks",
					"@executable_path/../../Frameworks",
				);
				PRODUCT_BUNDLE_IDENTIFIER = com.feedling.mcp.broadcastSetupUI;
				SDKROOT = iphoneos;
				TARGETED_DEVICE_FAMILY = "1,2";
			};
			name = Release;
		};
		2C428C1431E2DAE1BF932153 /* Release */ = {
			isa = XCBuildConfiguration;
			buildSettings = {
				ALWAYS_SEARCH_USER_PATHS = NO;
				CLANG_ANALYZER_NONNULL = YES;
				CLANG_ANALYZER_NUMBER_OBJECT_CONVERSION = YES_AGGRESSIVE;
				CLANG_CXX_LANGUAGE_STANDARD = "gnu++14";
				CLANG_CXX_LIBRARY = "libc++";
				CLANG_ENABLE_MODULES = YES;
				CLANG_ENABLE_OBJC_ARC = YES;
				CLANG_ENABLE_OBJC_WEAK = YES;
				CLANG_WARN_BLOCK_CAPTURE_AUTORELEASING = YES;
				CLANG_WARN_BOOL_CONVERSION = YES;
				CLANG_WARN_COMMA = YES;
				CLANG_WARN_CONSTANT_CONVERSION = YES;
				CLANG_WARN_DEPRECATED_OBJC_IMPLEMENTATIONS = YES;
				CLANG_WARN_DIRECT_OBJC_ISA_USAGE = YES_ERROR;
				CLANG_WARN_DOCUMENTATION_COMMENTS = YES;
				CLANG_WARN_EMPTY_BODY = YES;
				CLANG_WARN_ENUM_CONVERSION = YES;
				CLANG_WARN_INFINITE_RECURSION = YES;
				CLANG_WARN_INT_CONVERSION = YES;
				CLANG_WARN_NON_LITERAL_NULL_CONVERSION = YES;
				CLANG_WARN_OBJC_IMPLICIT_RETAIN_SELF = YES;
				CLANG_WARN_OBJC_LITERAL_CONVERSION = YES;
				CLANG_WARN_OBJC_ROOT_CLASS = YES_ERROR;
				CLANG_WARN_QUOTED_INCLUDE_IN_FRAMEWORK_HEADER = YES;
				CLANG_WARN_RANGE_LOOP_ANALYSIS = YES;
				CLANG_WARN_STRICT_PROTOTYPES = YES;
				CLANG_WARN_SUSPICIOUS_MOVE = YES;
				CLANG_WARN_UNGUARDED_AVAILABILITY = YES_AGGRESSIVE;
				CLANG_WARN_UNREACHABLE_CODE = YES;
				CLANG_WARN__DUPLICATE_METHOD_MATCH = YES;
				COPY_PHASE_STRIP = NO;
				DEBUG_INFORMATION_FORMAT = "dwarf-with-dsym";
				DEVELOPMENT_TEAM = DC9JH5DRMY;
				ENABLE_NS_ASSERTIONS = NO;
				ENABLE_STRICT_OBJC_MSGSEND = YES;
				GCC_C_LANGUAGE_STANDARD = gnu11;
				GCC_NO_COMMON_BLOCKS = YES;
				GCC_WARN_64_TO_32_BIT_CONVERSION = YES;
				GCC_WARN_ABOUT_RETURN_TYPE = YES_ERROR;
				GCC_WARN_UNDECLARED_SELECTOR = YES;
				GCC_WARN_UNINITIALIZED_AUTOS = YES_AGGRESSIVE;
				GCC_WARN_UNUSED_FUNCTION = YES;
				GCC_WARN_UNUSED_VARIABLE = YES;
				IPHONEOS_DEPLOYMENT_TARGET = 16.2;
				MTL_ENABLE_DEBUG_INFO = NO;
				MTL_FAST_MATH = YES;
				PRODUCT_NAME = "$(TARGET_NAME)";
				SDKROOT = iphoneos;
				SWIFT_COMPILATION_MODE = wholemodule;
				SWIFT_OPTIMIZATION_LEVEL = "-O";
				SWIFT_VERSION = 5.9;
			};
			name = Release;
		};
		2E9D77041FFEC5C98F259AB4 /* Debug */ = {
			isa = XCBuildConfiguration;
			buildSettings = {
				ALWAYS_SEARCH_USER_PATHS = NO;
				CLANG_ANALYZER_NONNULL = YES;
				CLANG_ANALYZER_NUMBER_OBJECT_CONVERSION = YES_AGGRESSIVE;
				CLANG_CXX_LANGUAGE_STANDARD = "gnu++14";
				CLANG_CXX_LIBRARY = "libc++";
				CLANG_ENABLE_MODULES = YES;
				CLANG_ENABLE_OBJC_ARC = YES;
				CLANG_ENABLE_OBJC_WEAK = YES;
				CLANG_WARN_BLOCK_CAPTURE_AUTORELEASING = YES;
				CLANG_WARN_BOOL_CONVERSION = YES;
				CLANG_WARN_COMMA = YES;
				CLANG_WARN_CONSTANT_CONVERSION = YES;
				CLANG_WARN_DEPRECATED_OBJC_IMPLEMENTATIONS = YES;
				CLANG_WARN_DIRECT_OBJC_ISA_USAGE = YES_ERROR;
				CLANG_WARN_DOCUMENTATION_COMMENTS = YES;
				CLANG_WARN_EMPTY_BODY = YES;
				CLANG_WARN_ENUM_CONVERSION = YES;
				CLANG_WARN_INFINITE_RECURSION = YES;
				CLANG_WARN_INT_CONVERSION = YES;
				CLANG_WARN_NON_LITERAL_NULL_CONVERSION = YES;
				CLANG_WARN_OBJC_IMPLICIT_RETAIN_SELF = YES;
				CLANG_WARN_OBJC_LITERAL_CONVERSION = YES;
				CLANG_WARN_OBJC_ROOT_CLASS = YES_ERROR;
				CLANG_WARN_QUOTED_INCLUDE_IN_FRAMEWORK_HEADER = YES;
				CLANG_WARN_RANGE_LOOP_ANALYSIS = YES;
				CLANG_WARN_STRICT_PROTOTYPES = YES;
				CLANG_WARN_SUSPICIOUS_MOVE = YES;
				CLANG_WARN_UNGUARDED_AVAILABILITY = YES_AGGRESSIVE;
				CLANG_WARN_UNREACHABLE_CODE = YES;
				CLANG_WARN__DUPLICATE_METHOD_MATCH = YES;
				COPY_PHASE_STRIP = NO;
				DEBUG_INFORMATION_FORMAT = dwarf;
				DEVELOPMENT_TEAM = DC9JH5DRMY;
				ENABLE_STRICT_OBJC_MSGSEND = YES;
				ENABLE_TESTABILITY = YES;
				GCC_C_LANGUAGE_STANDARD = gnu11;
				GCC_DYNAMIC_NO_PIC = NO;
				GCC_NO_COMMON_BLOCKS = YES;
				GCC_OPTIMIZATION_LEVEL = 0;
				GCC_PREPROCESSOR_DEFINITIONS = (
					"$(inherited)",
					"DEBUG=1",
				);
				GCC_WARN_64_TO_32_BIT_CONVERSION = YES;
				GCC_WARN_ABOUT_RETURN_TYPE = YES_ERROR;
				GCC_WARN_UNDECLARED_SELECTOR = YES;
				GCC_WARN_UNINITIALIZED_AUTOS = YES_AGGRESSIVE;
				GCC_WARN_UNUSED_FUNCTION = YES;
				GCC_WARN_UNUSED_VARIABLE = YES;
				IPHONEOS_DEPLOYMENT_TARGET = 16.2;
				MTL_ENABLE_DEBUG_INFO = INCLUDE_SOURCE;
				MTL_FAST_MATH = YES;
				ONLY_ACTIVE_ARCH = YES;
				PRODUCT_NAME = "$(TARGET_NAME)";
				SDKROOT = iphoneos;
				SWIFT_ACTIVE_COMPILATION_CONDITIONS = DEBUG;
				SWIFT_OPTIMIZATION_LEVEL = "-Onone";
				SWIFT_VERSION = 5.9;
			};
			name = Debug;
		};
		43D38A806517A4460CFAE6C2 /* Release */ = {
			isa = XCBuildConfiguration;
			buildSettings = {
				ASSETCATALOG_COMPILER_APPICON_NAME = AppIcon;
				CODE_SIGN_ENTITLEMENTS = FeedlingTest/FeedlingTest.entitlements;
				CODE_SIGN_IDENTITY = "iPhone Developer";
				DEVELOPMENT_TEAM = DC9JH5DRMY;
				INFOPLIST_FILE = FeedlingTest/Info.plist;
				IPHONEOS_DEPLOYMENT_TARGET = 16.2;
				LD_RUNPATH_SEARCH_PATHS = (
					"$(inherited)",
					"@executable_path/Frameworks",
				);
				PRODUCT_BUNDLE_IDENTIFIER = com.feedling.mcp;
				SDKROOT = iphoneos;
				TARGETED_DEVICE_FAMILY = "1,2";
			};
			name = Release;
		};
		6376747315A5258E9DD19290 /* Debug */ = {
			isa = XCBuildConfiguration;
			buildSettings = {
				CODE_SIGN_ENTITLEMENTS = FeedlingTestWidget/FeedlingTestWidget.entitlements;
				DEVELOPMENT_TEAM = DC9JH5DRMY;
				INFOPLIST_FILE = FeedlingTestWidget/Info.plist;
				IPHONEOS_DEPLOYMENT_TARGET = 16.2;
				LD_RUNPATH_SEARCH_PATHS = (
					"$(inherited)",
					"@executable_path/Frameworks",
					"@executable_path/../../Frameworks",
				);
				PRODUCT_BUNDLE_IDENTIFIER = com.feedling.mcp.widget;
				SDKROOT = iphoneos;
				TARGETED_DEVICE_FAMILY = "1,2";
			};
			name = Debug;
		};
		63F91099D66B8D4EC94006B3 /* Debug */ = {
			isa = XCBuildConfiguration;
			buildSettings = {
				ASSETCATALOG_COMPILER_APPICON_NAME = AppIcon;
				CODE_SIGN_ENTITLEMENTS = FeedlingTest/FeedlingTest.entitlements;
				CODE_SIGN_IDENTITY = "iPhone Developer";
				DEVELOPMENT_TEAM = DC9JH5DRMY;
				INFOPLIST_FILE = FeedlingTest/Info.plist;
				IPHONEOS_DEPLOYMENT_TARGET = 16.2;
				LD_RUNPATH_SEARCH_PATHS = (
					"$(inherited)",
					"@executable_path/Frameworks",
				);
				PRODUCT_BUNDLE_IDENTIFIER = com.feedling.mcp;
				SDKROOT = iphoneos;
				TARGETED_DEVICE_FAMILY = "1,2";
			};
			name = Debug;
		};
		93117991049902E8619757A7 /* Release */ = {
			isa = XCBuildConfiguration;
			buildSettings = {
				CODE_SIGN_ENTITLEMENTS = FeedlingTestWidget/FeedlingTestWidget.entitlements;
				DEVELOPMENT_TEAM = DC9JH5DRMY;
				INFOPLIST_FILE = FeedlingTestWidget/Info.plist;
				IPHONEOS_DEPLOYMENT_TARGET = 16.2;
				LD_RUNPATH_SEARCH_PATHS = (
					"$(inherited)",
					"@executable_path/Frameworks",
					"@executable_path/../../Frameworks",
				);
				PRODUCT_BUNDLE_IDENTIFIER = com.feedling.mcp.widget;
				SDKROOT = iphoneos;
				TARGETED_DEVICE_FAMILY = "1,2";
			};
			name = Release;
		};
		B750BD50EFB028DD77498C06 /* Debug */ = {
			isa = XCBuildConfiguration;
			buildSettings = {
				CODE_SIGN_ENTITLEMENTS = FeedlingBroadcastSetupUI/FeedlingBroadcastSetupUI.entitlements;
				DEVELOPMENT_TEAM = DC9JH5DRMY;
				INFOPLIST_FILE = FeedlingBroadcastSetupUI/Info.plist;
				IPHONEOS_DEPLOYMENT_TARGET = 16.2;
				LD_RUNPATH_SEARCH_PATHS = (
					"$(inherited)",
					"@executable_path/Frameworks",
					"@executable_path/../../Frameworks",
				);
				PRODUCT_BUNDLE_IDENTIFIER = com.feedling.mcp.broadcastSetupUI;
				SDKROOT = iphoneos;
				TARGETED_DEVICE_FAMILY = "1,2";
			};
			name = Debug;
		};
		D6C8509A80E309C02C7984CA /* Debug */ = {
			isa = XCBuildConfiguration;
			buildSettings = {
				CODE_SIGN_ENTITLEMENTS = FeedlingBroadcast/FeedlingBroadcast.entitlements;
				DEVELOPMENT_TEAM = DC9JH5DRMY;
				INFOPLIST_FILE = FeedlingBroadcast/Info.plist;
				IPHONEOS_DEPLOYMENT_TARGET = 16.2;
				LD_RUNPATH_SEARCH_PATHS = (
					"$(inherited)",
					"@executable_path/Frameworks",
					"@executable_path/../../Frameworks",
				);
				PRODUCT_BUNDLE_IDENTIFIER = com.feedling.mcp.broadcast;
				SDKROOT = iphoneos;
				TARGETED_DEVICE_FAMILY = "1,2";
			};
			name = Debug;
		};
		DA1A52DE82AB49760F1D1DA2 /* Release */ = {
			isa = XCBuildConfiguration;
			buildSettings = {
				CODE_SIGN_ENTITLEMENTS = FeedlingBroadcast/FeedlingBroadcast.entitlements;
				DEVELOPMENT_TEAM = DC9JH5DRMY;
				INFOPLIST_FILE = FeedlingBroadcast/Info.plist;
				IPHONEOS_DEPLOYMENT_TARGET = 16.2;
				LD_RUNPATH_SEARCH_PATHS = (
					"$(inherited)",
					"@executable_path/Frameworks",
					"@executable_path/../../Frameworks",
				);
				PRODUCT_BUNDLE_IDENTIFIER = com.feedling.mcp.broadcast;
				SDKROOT = iphoneos;
				TARGETED_DEVICE_FAMILY = "1,2";
			};
			name = Release;
		};
/* End XCBuildConfiguration section */

/* Begin XCConfigurationList section */
		2E4094369FC262BD249A0C9A /* Build configuration list for PBXNativeTarget "FeedlingBroadcastSetupUI" */ = {
			isa = XCConfigurationList;
			buildConfigurations = (
				B750BD50EFB028DD77498C06 /* Debug */,
				14B3B835EFF9750F11FAE73F /* Release */,
			);
			defaultConfigurationIsVisible = 0;
			defaultConfigurationName = Debug;
		};
		5C7A44734ECB7FD48F277D7B /* Build configuration list for PBXProject "FeedlingBroadcast" */ = {
			isa = XCConfigurationList;
			buildConfigurations = (
				2E9D77041FFEC5C98F259AB4 /* Debug */,
				2C428C1431E2DAE1BF932153 /* Release */,
			);
			defaultConfigurationIsVisible = 0;
			defaultConfigurationName = Debug;
		};
		AFB024797D588A76444F24A7 /* Build configuration list for PBXNativeTarget "FeedlingBroadcast" */ = {
			isa = XCConfigurationList;
			buildConfigurations = (
				D6C8509A80E309C02C7984CA /* Debug */,
				DA1A52DE82AB49760F1D1DA2 /* Release */,
			);
			defaultConfigurationIsVisible = 0;
			defaultConfigurationName = Debug;
		};
		D2EFF8A7C1291089CCC4638E /* Build configuration list for PBXNativeTarget "FeedlingTest" */ = {
			isa = XCConfigurationList;
			buildConfigurations = (
				63F91099D66B8D4EC94006B3 /* Debug */,
				43D38A806517A4460CFAE6C2 /* Release */,
			);
			defaultConfigurationIsVisible = 0;
			defaultConfigurationName = Debug;
		};
		D4BD810697F1A6C80AD6D748 /* Build configuration list for PBXNativeTarget "FeedlingTestWidget" */ = {
			isa = XCConfigurationList;
			buildConfigurations = (
				6376747315A5258E9DD19290 /* Debug */,
				93117991049902E8619757A7 /* Release */,
			);
			defaultConfigurationIsVisible = 0;
			defaultConfigurationName = Debug;
		};
/* End XCConfigurationList section */
	};
	rootObject = 7666E9E4F7C671C82EBD8484 /* Project object */;
}
