// !$*UTF8*$!
{
	archiveVersion = 1;
	classes = {
	};
	objectVersion = 77;
	objects = {

/* Begin PBXBuildFile section */
		17B110E5A293426BC46750B6 /* ScreenActivityAttributes.swift in Sources */ = {isa = PBXBuildFile; fileRef = 059AB22EE40CB3F08CADCAE2 /* ScreenActivityAttributes.swift */; };
		413572B886A6EB4E8F6A3587 /* LiveActivityManager.swift in Sources */ = {isa = PBXBuildFile; fileRef = E760771C17EAF8147D096B4E /* LiveActivityManager.swift */; };
		8444956D16998579C3D74FAB /* FeedlingTestWidget.appex in Embed Foundation Extensions */ = {isa = PBXBuildFile; fileRef = B47B840768263FD66F28FB11 /* FeedlingTestWidget.appex */; settings = {ATTRIBUTES = (RemoveHeadersOnCopy, ); }; };
		97421A140CE8899782DE1375 /* ContentView.swift in Sources */ = {isa = PBXBuildFile; fileRef = F5D4282756E211274D73C148 /* ContentView.swift */; };
		A3AA0B796AD846E609C8715A /* ScreenActivityWidget.swift in Sources */ = {isa = PBXBuildFile; fileRef = 8485AF4D5CF32FCD3BD19600 /* ScreenActivityWidget.swift */; };
		A3CDDB2378A71F1A511E1A9D /* FeedlingTestApp.swift in Sources */ = {isa = PBXBuildFile; fileRef = 14B773D2531DF1548E7C3C63 /* FeedlingTestApp.swift */; };
		CB2DF8DCA51CEF662CF65FAB /* ScreenActivityAttributes.swift in Sources */ = {isa = PBXBuildFile; fileRef = 059AB22EE40CB3F08CADCAE2 /* ScreenActivityAttributes.swift */; };
		E5C880EB40DFDE9E3719B474 /* FeedlingTestWidgetBundle.swift in Sources */ = {isa = PBXBuildFile; fileRef = E807384089044501BDD54BFA /* FeedlingTestWidgetBundle.swift */; };
/* End PBXBuildFile section */

/* Begin PBXContainerItemProxy section */
		9FC01A447C5F280A995C6CBA /* PBXContainerItemProxy */ = {
			isa = PBXContainerItemProxy;
			containerPortal = 7666E9E4F7C671C82EBD8484 /* Project object */;
			proxyType = 1;
			remoteGlobalIDString = 40F0E8EF6FA85277D76C29E3;
			remoteInfo = FeedlingTestWidget;
		};
/* End PBXContainerItemProxy section */

/* Begin PBXCopyFilesBuildPhase section */
		219D1342B426C7862A8C1E2B /* Embed Foundation Extensions */ = {
			isa = PBXCopyFilesBuildPhase;
			buildActionMask = 2147483647;
			dstPath = "";
			dstSubfolderSpec = 13;
			files = (
				8444956D16998579C3D74FAB /* FeedlingTestWidget.appex in Embed Foundation Extensions */,
			);
			name = "Embed Foundation Extensions";
			runOnlyForDeploymentPostprocessing = 0;
		};
/* End PBXCopyFilesBuildPhase section */

/* Begin PBXFileReference section */
		059AB22EE40CB3F08CADCAE2 /* ScreenActivityAttributes.swift */ = {isa = PBXFileReference; lastKnownFileType = sourcecode.swift; path = ScreenActivityAttributes.swift; sourceTree = "<group>"; };
		14B773D2531DF1548E7C3C63 /* FeedlingTestApp.swift */ = {isa = PBXFileReference; lastKnownFileType = sourcecode.swift; path = FeedlingTestApp.swift; sourceTree = "<group>"; };
		55823AFBDF473E1DBABB4A3E /* FeedlingTestWidget.entitlements */ = {isa = PBXFileReference; lastKnownFileType = text.plist.entitlements; path = FeedlingTestWidget.entitlements; sourceTree = "<group>"; };
		8485AF4D5CF32FCD3BD19600 /* ScreenActivityWidget.swift */ = {isa = PBXFileReference; lastKnownFileType = sourcecode.swift; path = ScreenActivityWidget.swift; sourceTree = "<group>"; };
		8C308EE0153161454F66B92E /* Info.plist */ = {isa = PBXFileReference; lastKnownFileType = text.plist; path = Info.plist; sourceTree = "<group>"; };
		9BEDE1B24252F0AF7E4B9A09 /* FeedlingTest.app */ = {isa = PBXFileReference; includeInIndex = 0; lastKnownFileType = wrapper.application; path = FeedlingTest.app; sourceTree = BUILT_PRODUCTS_DIR; };
		B47B840768263FD66F28FB11 /* FeedlingTestWidget.appex */ = {isa = PBXFileReference; includeInIndex = 0; lastKnownFileType = "wrapper.app-extension"; path = FeedlingTestWidget.appex; sourceTree = BUILT_PRODUCTS_DIR; };
		E399D1BD2C8215413FDD2675 /* FeedlingTest.entitlements */ = {isa = PBXFileReference; lastKnownFileType = text.plist.entitlements; path = FeedlingTest.entitlements; sourceTree = "<group>"; };
		E760771C17EAF8147D096B4E /* LiveActivityManager.swift */ = {isa = PBXFileReference; lastKnownFileType = sourcecode.swift; path = LiveActivityManager.swift; sourceTree = "<group>"; };
		E807384089044501BDD54BFA /* FeedlingTestWidgetBundle.swift */ = {isa = PBXFileReference; lastKnownFileType = sourcecode.swift; path = FeedlingTestWidgetBundle.swift; sourceTree = "<group>"; };
		ED7965843E2AE2F74B88A5FC /* Info.plist */ = {isa = PBXFileReference; lastKnownFileType = text.plist; path = Info.plist; sourceTree = "<group>"; };
		F5D4282756E211274D73C148 /* ContentView.swift */ = {isa = PBXFileReference; lastKnownFileType = sourcecode.swift; path = ContentView.swift; sourceTree = "<group>"; };
/* End PBXFileReference section */

/* Begin PBXGroup section */
		0E6B0860E646F7727F69845C /* FeedlingTestWidget */ = {
			isa = PBXGroup;
			children = (
				55823AFBDF473E1DBABB4A3E /* FeedlingTestWidget.entitlements */,
				E807384089044501BDD54BFA /* FeedlingTestWidgetBundle.swift */,
				8C308EE0153161454F66B92E /* Info.plist */,
				8485AF4D5CF32FCD3BD19600 /* ScreenActivityWidget.swift */,
			);
			path = FeedlingTestWidget;
			sourceTree = "<group>";
		};
		0E9CF1DFFEF7EBFABD8DA3E0 /* FeedlingTest */ = {
			isa = PBXGroup;
			children = (
				F5D4282756E211274D73C148 /* ContentView.swift */,
				E399D1BD2C8215413FDD2675 /* FeedlingTest.entitlements */,
				14B773D2531DF1548E7C3C63 /* FeedlingTestApp.swift */,
				ED7965843E2AE2F74B88A5FC /* Info.plist */,
				E760771C17EAF8147D096B4E /* LiveActivityManager.swift */,
			);
			path = FeedlingTest;
			sourceTree = "<group>";
		};
		21135111837BEE77BC26B938 /* Products */ = {
			isa = PBXGroup;
			children = (
				9BEDE1B24252F0AF7E4B9A09 /* FeedlingTest.app */,
				B47B840768263FD66F28FB11 /* FeedlingTestWidget.appex */,
			);
			name = Products;
			sourceTree = "<group>";
		};
		4A631C3321DAE9C14E2D63C2 /* Shared */ = {
			isa = PBXGroup;
			children = (
				059AB22EE40CB3F08CADCAE2 /* ScreenActivityAttributes.swift */,
			);
			path = Shared;
			sourceTree = "<group>";
		};
		C831B4CFDB28B188E676559F = {
			isa = PBXGroup;
			children = (
				0E9CF1DFFEF7EBFABD8DA3E0 /* FeedlingTest */,
				0E6B0860E646F7727F69845C /* FeedlingTestWidget */,
				4A631C3321DAE9C14E2D63C2 /* Shared */,
				21135111837BEE77BC26B938 /* Products */,
			);
			sourceTree = "<group>";
		};
/* End PBXGroup section */

/* Begin PBXNativeTarget section */
		282D06B399CCE088372449A9 /* FeedlingTest */ = {
			isa = PBXNativeTarget;
			buildConfigurationList = D2EFF8A7C1291089CCC4638E /* Build configuration list for PBXNativeTarget "FeedlingTest" */;
			buildPhases = (
				F4C004C4CB389E0034E1122E /* Sources */,
				219D1342B426C7862A8C1E2B /* Embed Foundation Extensions */,
			);
			buildRules = (
			);
			dependencies = (
				84358B4470F16D89F9CC5DB4 /* PBXTargetDependency */,
			);
			name = FeedlingTest;
			packageProductDependencies = (
			);
			productName = FeedlingTest;
			productReference = 9BEDE1B24252F0AF7E4B9A09 /* FeedlingTest.app */;
			productType = "com.apple.product-type.application";
		};
		40F0E8EF6FA85277D76C29E3 /* FeedlingTestWidget */ = {
			isa = PBXNativeTarget;
			buildConfigurationList = D4BD810697F1A6C80AD6D748 /* Build configuration list for PBXNativeTarget "FeedlingTestWidget" */;
			buildPhases = (
				CC4F879D8D0429D4613015B2 /* Sources */,
			);
			buildRules = (
			);
			dependencies = (
			);
			name = FeedlingTestWidget;
			packageProductDependencies = (
			);
			productName = FeedlingTestWidget;
			productReference = B47B840768263FD66F28FB11 /* FeedlingTestWidget.appex */;
			productType = "com.apple.product-type.app-extension";
		};
/* End PBXNativeTarget section */

/* Begin PBXProject section */
		7666E9E4F7C671C82EBD8484 /* Project object */ = {
			isa = PBXProject;
			attributes = {
				BuildIndependentTargetsInParallel = YES;
				LastUpgradeCheck = 1500;
				TargetAttributes = {
					282D06B399CCE088372449A9 = {
						DevelopmentTeam = DC9JH5DRMY;
					};
					40F0E8EF6FA85277D76C29E3 = {
						DevelopmentTeam = DC9JH5DRMY;
					};
				};
			};
			buildConfigurationList = 5C7A44734ECB7FD48F277D7B /* Build configuration list for PBXProject "FeedlingTest" */;
			developmentRegion = en;
			hasScannedForEncodings = 0;
			knownRegions = (
				Base,
				en,
			);
			mainGroup = C831B4CFDB28B188E676559F;
			minimizedProjectReferenceProxies = 1;
			preferredProjectObjectVersion = 77;
			productRefGroup = 21135111837BEE77BC26B938 /* Products */;
			projectDirPath = "";
			projectRoot = "";
			targets = (
				282D06B399CCE088372449A9 /* FeedlingTest */,
				40F0E8EF6FA85277D76C29E3 /* FeedlingTestWidget */,
			);
		};
/* End PBXProject section */

/* Begin PBXSourcesBuildPhase section */
		CC4F879D8D0429D4613015B2 /* Sources */ = {
			isa = PBXSourcesBuildPhase;
			buildActionMask = 2147483647;
			files = (
				E5C880EB40DFDE9E3719B474 /* FeedlingTestWidgetBundle.swift in Sources */,
				17B110E5A293426BC46750B6 /* ScreenActivityAttributes.swift in Sources */,
				A3AA0B796AD846E609C8715A /* ScreenActivityWidget.swift in Sources */,
			);
			runOnlyForDeploymentPostprocessing = 0;
		};
		F4C004C4CB389E0034E1122E /* Sources */ = {
			isa = PBXSourcesBuildPhase;
			buildActionMask = 2147483647;
			files = (
				97421A140CE8899782DE1375 /* ContentView.swift in Sources */,
				A3CDDB2378A71F1A511E1A9D /* FeedlingTestApp.swift in Sources */,
				413572B886A6EB4E8F6A3587 /* LiveActivityManager.swift in Sources */,
				CB2DF8DCA51CEF662CF65FAB /* ScreenActivityAttributes.swift in Sources */,
			);
			runOnlyForDeploymentPostprocessing = 0;
		};
/* End PBXSourcesBuildPhase section */

/* Begin PBXTargetDependency section */
		84358B4470F16D89F9CC5DB4 /* PBXTargetDependency */ = {
			isa = PBXTargetDependency;
			target = 40F0E8EF6FA85277D76C29E3 /* FeedlingTestWidget */;
			targetProxy = 9FC01A447C5F280A995C6CBA /* PBXContainerItemProxy */;
		};
/* End PBXTargetDependency section */

/* Begin XCBuildConfiguration section */
		2C428C1431E2DAE1BF932153 /* Release */ = {
			isa = XCBuildConfiguration;
			buildSettings = {
				ALWAYS_SEARCH_USER_PATHS = NO;
				CLANG_ANALYZER_NONNULL = YES;
				CLANG_ANALYZER_NUMBER_OBJECT_CONVERSION = YES_AGGRESSIVE;
				CLANG_CXX_LANGUAGE_STANDARD = "gnu++14";
				CLANG_CXX_LIBRARY = "libc++";
				CLANG_ENABLE_MODULES = YES;
				CLANG_ENABLE_OBJC_ARC = YES;
				CLANG_ENABLE_OBJC_WEAK = YES;
				CLANG_WARN_BLOCK_CAPTURE_AUTORELEASING = YES;
				CLANG_WARN_BOOL_CONVERSION = YES;
				CLANG_WARN_COMMA = YES;
				CLANG_WARN_CONSTANT_CONVERSION = YES;
				CLANG_WARN_DEPRECATED_OBJC_IMPLEMENTATIONS = YES;
				CLANG_WARN_DIRECT_OBJC_ISA_USAGE = YES_ERROR;
				CLANG_WARN_DOCUMENTATION_COMMENTS = YES;
				CLANG_WARN_EMPTY_BODY = YES;
				CLANG_WARN_ENUM_CONVERSION = YES;
				CLANG_WARN_INFINITE_RECURSION = YES;
				CLANG_WARN_INT_CONVERSION = YES;
				CLANG_WARN_NON_LITERAL_NULL_CONVERSION = YES;
				CLANG_WARN_OBJC_IMPLICIT_RETAIN_SELF = YES;
				CLANG_WARN_OBJC_LITERAL_CONVERSION = YES;
				CLANG_WARN_OBJC_ROOT_CLASS = YES_ERROR;
				CLANG_WARN_QUOTED_INCLUDE_IN_FRAMEWORK_HEADER = YES;
				CLANG_WARN_RANGE_LOOP_ANALYSIS = YES;
				CLANG_WARN_STRICT_PROTOTYPES = YES;
				CLANG_WARN_SUSPICIOUS_MOVE = YES;
				CLANG_WARN_UNGUARDED_AVAILABILITY = YES_AGGRESSIVE;
				CLANG_WARN_UNREACHABLE_CODE = YES;
				CLANG_WARN__DUPLICATE_METHOD_MATCH = YES;
				COPY_PHASE_STRIP = NO;
				DEBUG_INFORMATION_FORMAT = "dwarf-with-dsym";
				DEVELOPMENT_TEAM = DC9JH5DRMY;
				ENABLE_NS_ASSERTIONS = NO;
				ENABLE_STRICT_OBJC_MSGSEND = YES;
				GCC_C_LANGUAGE_STANDARD = gnu11;
				GCC_NO_COMMON_BLOCKS = YES;
				GCC_WARN_64_TO_32_BIT_CONVERSION = YES;
				GCC_WARN_ABOUT_RETURN_TYPE = YES_ERROR;
				GCC_WARN_UNDECLARED_SELECTOR = YES;
				GCC_WARN_UNINITIALIZED_AUTOS = YES_AGGRESSIVE;
				GCC_WARN_UNUSED_FUNCTION = YES;
				GCC_WARN_UNUSED_VARIABLE = YES;
				IPHONEOS_DEPLOYMENT_TARGET = 16.1;
				MTL_ENABLE_DEBUG_INFO = NO;
				MTL_FAST_MATH = YES;
				PRODUCT_NAME = "$(TARGET_NAME)";
				SDKROOT = iphoneos;
				SWIFT_COMPILATION_MODE = wholemodule;
				SWIFT_OPTIMIZATION_LEVEL = "-O";
				SWIFT_VERSION = 5.9;
			};
			name = Release;
		};
		2E9D77041FFEC5C98F259AB4 /* Debug */ = {
			isa = XCBuildConfiguration;
			buildSettings = {
				ALWAYS_SEARCH_USER_PATHS = NO;
				CLANG_ANALYZER_NONNULL = YES;
				CLANG_ANALYZER_NUMBER_OBJECT_CONVERSION = YES_AGGRESSIVE;
				CLANG_CXX_LANGUAGE_STANDARD = "gnu++14";
				CLANG_CXX_LIBRARY = "libc++";
				CLANG_ENABLE_MODULES = YES;
				CLANG_ENABLE_OBJC_ARC = YES;
				CLANG_ENABLE_OBJC_WEAK = YES;
				CLANG_WARN_BLOCK_CAPTURE_AUTORELEASING = YES;
				CLANG_WARN_BOOL_CONVERSION = YES;
				CLANG_WARN_COMMA = YES;
				CLANG_WARN_CONSTANT_CONVERSION = YES;
				CLANG_WARN_DEPRECATED_OBJC_IMPLEMENTATIONS = YES;
				CLANG_WARN_DIRECT_OBJC_ISA_USAGE = YES_ERROR;
				CLANG_WARN_DOCUMENTATION_COMMENTS = YES;
				CLANG_WARN_EMPTY_BODY = YES;
				CLANG_WARN_ENUM_CONVERSION = YES;
				CLANG_WARN_INFINITE_RECURSION = YES;
				CLANG_WARN_INT_CONVERSION = YES;
				CLANG_WARN_NON_LITERAL_NULL_CONVERSION = YES;
				CLANG_WARN_OBJC_IMPLICIT_RETAIN_SELF = YES;
				CLANG_WARN_OBJC_LITERAL_CONVERSION = YES;
				CLANG_WARN_OBJC_ROOT_CLASS = YES_ERROR;
				CLANG_WARN_QUOTED_INCLUDE_IN_FRAMEWORK_HEADER = YES;
				CLANG_WARN_RANGE_LOOP_ANALYSIS = YES;
				CLANG_WARN_STRICT_PROTOTYPES = YES;
				CLANG_WARN_SUSPICIOUS_MOVE = YES;
				CLANG_WARN_UNGUARDED_AVAILABILITY = YES_AGGRESSIVE;
				CLANG_WARN_UNREACHABLE_CODE = YES;
				CLANG_WARN__DUPLICATE_METHOD_MATCH = YES;
				COPY_PHASE_STRIP = NO;
				DEBUG_INFORMATION_FORMAT = dwarf;
				DEVELOPMENT_TEAM = DC9JH5DRMY;
				ENABLE_STRICT_OBJC_MSGSEND = YES;
				ENABLE_TESTABILITY = YES;
				GCC_C_LANGUAGE_STANDARD = gnu11;
				GCC_DYNAMIC_NO_PIC = NO;
				GCC_NO_COMMON_BLOCKS = YES;
				GCC_OPTIMIZATION_LEVEL = 0;
				GCC_PREPROCESSOR_DEFINITIONS = (
					"$(inherited)",
					"DEBUG=1",
				);
				GCC_WARN_64_TO_32_BIT_CONVERSION = YES;
				GCC_WARN_ABOUT_RETURN_TYPE = YES_ERROR;
				GCC_WARN_UNDECLARED_SELECTOR = YES;
				GCC_WARN_UNINITIALIZED_AUTOS = YES_AGGRESSIVE;
				GCC_WARN_UNUSED_FUNCTION = YES;
				GCC_WARN_UNUSED_VARIABLE = YES;
				IPHONEOS_DEPLOYMENT_TARGET = 16.1;
				MTL_ENABLE_DEBUG_INFO = INCLUDE_SOURCE;
				MTL_FAST_MATH = YES;
				ONLY_ACTIVE_ARCH = YES;
				PRODUCT_NAME = "$(TARGET_NAME)";
				SDKROOT = iphoneos;
				SWIFT_ACTIVE_COMPILATION_CONDITIONS = DEBUG;
				SWIFT_OPTIMIZATION_LEVEL = "-Onone";
				SWIFT_VERSION = 5.9;
			};
			name = Debug;
		};
		43D38A806517A4460CFAE6C2 /* Release */ = {
			isa = XCBuildConfiguration;
			buildSettings = {
				ASSETCATALOG_COMPILER_APPICON_NAME = AppIcon;
				CODE_SIGN_ENTITLEMENTS = FeedlingTest/FeedlingTest.entitlements;
				CODE_SIGN_IDENTITY = "iPhone Developer";
				DEVELOPMENT_TEAM = DC9JH5DRMY;
				INFOPLIST_FILE = FeedlingTest/Info.plist;
				IPHONEOS_DEPLOYMENT_TARGET = 16.1;
				LD_RUNPATH_SEARCH_PATHS = (
					"$(inherited)",
					"@executable_path/Frameworks",
				);
				PRODUCT_BUNDLE_IDENTIFIER = com.feedling.mcp;
				SDKROOT = iphoneos;
				TARGETED_DEVICE_FAMILY = "1,2";
			};
			name = Release;
		};
		6376747315A5258E9DD19290 /* Debug */ = {
			isa = XCBuildConfiguration;
			buildSettings = {
				CODE_SIGN_ENTITLEMENTS = FeedlingTestWidget/FeedlingTestWidget.entitlements;
				DEVELOPMENT_TEAM = DC9JH5DRMY;
				INFOPLIST_FILE = FeedlingTestWidget/Info.plist;
				IPHONEOS_DEPLOYMENT_TARGET = 16.1;
				LD_RUNPATH_SEARCH_PATHS = (
					"$(inherited)",
					"@executable_path/Frameworks",
					"@executable_path/../../Frameworks",
				);
				PRODUCT_BUNDLE_IDENTIFIER = com.feedling.mcp.widget;
				SDKROOT = iphoneos;
				TARGETED_DEVICE_FAMILY = "1,2";
			};
			name = Debug;
		};
		63F91099D66B8D4EC94006B3 /* Debug */ = {
			isa = XCBuildConfiguration;
			buildSettings = {
				ASSETCATALOG_COMPILER_APPICON_NAME = AppIcon;
				CODE_SIGN_ENTITLEMENTS = FeedlingTest/FeedlingTest.entitlements;
				CODE_SIGN_IDENTITY = "iPhone Developer";
				DEVELOPMENT_TEAM = DC9JH5DRMY;
				INFOPLIST_FILE = FeedlingTest/Info.plist;
				IPHONEOS_DEPLOYMENT_TARGET = 16.1;
				LD_RUNPATH_SEARCH_PATHS = (
					"$(inherited)",
					"@executable_path/Frameworks",
				);
				PRODUCT_BUNDLE_IDENTIFIER = com.feedling.mcp;
				SDKROOT = iphoneos;
				TARGETED_DEVICE_FAMILY = "1,2";
			};
			name = Debug;
		};
		93117991049902E8619757A7 /* Release */ = {
			isa = XCBuildConfiguration;
			buildSettings = {
				CODE_SIGN_ENTITLEMENTS = FeedlingTestWidget/FeedlingTestWidget.entitlements;
				DEVELOPMENT_TEAM = DC9JH5DRMY;
				INFOPLIST_FILE = FeedlingTestWidget/Info.plist;
				IPHONEOS_DEPLOYMENT_TARGET = 16.1;
				LD_RUNPATH_SEARCH_PATHS = (
					"$(inherited)",
					"@executable_path/Frameworks",
					"@executable_path/../../Frameworks",
				);
				PRODUCT_BUNDLE_IDENTIFIER = com.feedling.mcp.widget;
				SDKROOT = iphoneos;
				TARGETED_DEVICE_FAMILY = "1,2";
			};
			name = Release;
		};
/* End XCBuildConfiguration section */

/* Begin XCConfigurationList section */
		5C7A44734ECB7FD48F277D7B /* Build configuration list for PBXProject "FeedlingTest" */ = {
			isa = XCConfigurationList;
			buildConfigurations = (
				2E9D77041FFEC5C98F259AB4 /* Debug */,
				2C428C1431E2DAE1BF932153 /* Release */,
			);
			defaultConfigurationIsVisible = 0;
			defaultConfigurationName = Debug;
		};
		D2EFF8A7C1291089CCC4638E /* Build configuration list for PBXNativeTarget "FeedlingTest" */ = {
			isa = XCConfigurationList;
			buildConfigurations = (
				63F91099D66B8D4EC94006B3 /* Debug */,
				43D38A806517A4460CFAE6C2 /* Release */,
			);
			defaultConfigurationIsVisible = 0;
			defaultConfigurationName = Debug;
		};
		D4BD810697F1A6C80AD6D748 /* Build configuration list for PBXNativeTarget "FeedlingTestWidget" */ = {
			isa = XCConfigurationList;
			buildConfigurations = (
				6376747315A5258E9DD19290 /* Debug */,
				93117991049902E8619757A7 /* Release */,
			);
			defaultConfigurationIsVisible = 0;
			defaultConfigurationName = Debug;
		};
/* End XCConfigurationList section */
	};
	rootObject = 7666E9E4F7C671C82EBD8484 /* Project object */;
}
